
Microsoft Visual Studio Solution File, Format Version 12.00
# Visual Studio Version 17
VisualStudioVersion = 17.10.34916.146
MinimumVisualStudioVersion = 10.0.40219.1
Project("{FAE04EC0-301F-11D3-BF4B-00C04F79EFBC}") = "ExamModul_2", "ExamModul_2\ExamModul_2.csproj", "{1FB40A1D-8A81-413E-A828-5B23AB18D7A1}"
EndProject
Project("{FAE04EC0-301F-11D3-BF4B-00C04F79EFBC}") = "ExamLibrary", "ExamLibrary\ExamLibrary.csproj", "{351F2F51-2A03-4E84-B9EC-119838461191}"
EndProject
Global
	GlobalSection(SolutionConfigurationPlatforms) = preSolution
		Debug|Any CPU = Debug|Any CPU
		Release|Any CPU = Release|Any CPU
	EndGlobalSection
	GlobalSection(ProjectConfigurationPlatforms) = postSolution
		{1FB40A1D-8A81-413E-A828-5B23AB18D7A1}.Debug|Any CPU.ActiveCfg = Debug|Any CPU
		{1FB40A1D-8A81-413E-A828-5B23AB18D7A1}.Debug|Any CPU.Build.0 = Debug|Any CPU
		{1FB40A1D-8A81-413E-A828-5B23AB18D7A1}.Release|Any CPU.ActiveCfg = Release|Any CPU
		{1FB40A1D-8A81-413E-A828-5B23AB18D7A1}.Release|Any CPU.Build.0 = Release|Any CPU
		{351F2F51-2A03-4E84-B9EC-119838461191}.Debug|Any CPU.ActiveCfg = Debug|Any CPU
		{351F2F51-2A03-4E84-B9EC-119838461191}.Debug|Any CPU.Build.0 = Debug|Any CPU
		{351F2F51-2A03-4E84-B9EC-119838461191}.Release|Any CPU.ActiveCfg = Release|Any CPU
		{351F2F51-2A03-4E84-B9EC-119838461191}.Release|Any CPU.Build.0 = Release|Any CPU
	EndGlobalSection
	GlobalSection(SolutionProperties) = preSolution
		HideSolutionNode = FALSE
	EndGlobalSection
	GlobalSection(ExtensibilityGlobals) = postSolution
		SolutionGuid = {0566EA0B-D5EC-47A5-BC3F-89234AC03735}
	EndGlobalSection
EndGlobal
